
Microsoft Visual Studio Solution File, Format Version 12.00
# Visual Studio Version 16
VisualStudioVersion = 16.0.31911.196
MinimumVisualStudioVersion = 10.0.40219.1
Project("{FAE04EC0-301F-11D3-BF4B-00C04F79EFBC}") = "p16_2", "p16_2.csproj", "{7BB3BA31-3506-4883-99C4-30CB3BBB6FA6}"
EndProject
Global
	GlobalSection(SolutionConfigurationPlatforms) = preSolution
		Debug|Any CPU = Debug|Any CPU
		Release|Any CPU = Release|Any CPU
	EndGlobalSection
	GlobalSection(ProjectConfigurationPlatforms) = postSolution
		{7BB3BA31-3506-4883-99C4-30CB3BBB6FA6}.Debug|Any CPU.ActiveCfg = Debug|Any CPU
		{7BB3BA31-3506-4883-99C4-30CB3BBB6FA6}.Debug|Any CPU.Build.0 = Debug|Any CPU
		{7BB3BA31-3506-4883-99C4-30CB3BBB6FA6}.Release|Any CPU.ActiveCfg = Release|Any CPU
		{7BB3BA31-3506-4883-99C4-30CB3BBB6FA6}.Release|Any CPU.Build.0 = Release|Any CPU
	EndGlobalSection
	GlobalSection(SolutionProperties) = preSolution
		HideSolutionNode = FALSE
	EndGlobalSection
	GlobalSection(ExtensibilityGlobals) = postSolution
		SolutionGuid = {42F808DF-41AF-4109-8326-D30119672298}
	EndGlobalSection
EndGlobal
